
Microsoft Visual Studio Solution File, Format Version 12.00
# Visual Studio Version 16
VisualStudioVersion = 16.0.31702.278
MinimumVisualStudioVersion = 10.0.40219.1
Project("{9A19103F-16F7-4668-BE54-9A1E7A4F7556}") = "3200_P1_Entree", "3200_P1_Entree.csproj", "{FC0C8958-1264-4373-80AD-1DCFCCD20DBD}"
EndProject
Project("{9A19103F-16F7-4668-BE54-9A1E7A4F7556}") = "P1", "..\P1\P1.csproj", "{A2B6B294-40D4-4C07-AFAE-6FF810B9D06B}"
EndProject
Project("{FAE04EC0-301F-11D3-BF4B-00C04F79EFBC}") = "EntreeTest", "..\EntreeTest\EntreeTest.csproj", "{1DC3A111-78F0-4D02-93C8-3DCF54C5B4CF}"
EndProject
Global
	GlobalSection(SolutionConfigurationPlatforms) = preSolution
		Debug|Any CPU = Debug|Any CPU
		Release|Any CPU = Release|Any CPU
	EndGlobalSection
	GlobalSection(ProjectConfigurationPlatforms) = postSolution
		{FC0C8958-1264-4373-80AD-1DCFCCD20DBD}.Debug|Any CPU.ActiveCfg = Debug|Any CPU
		{FC0C8958-1264-4373-80AD-1DCFCCD20DBD}.Debug|Any CPU.Build.0 = Debug|Any CPU
		{FC0C8958-1264-4373-80AD-1DCFCCD20DBD}.Release|Any CPU.ActiveCfg = Release|Any CPU
		{FC0C8958-1264-4373-80AD-1DCFCCD20DBD}.Release|Any CPU.Build.0 = Release|Any CPU
		{A2B6B294-40D4-4C07-AFAE-6FF810B9D06B}.Debug|Any CPU.ActiveCfg = Debug|Any CPU
		{A2B6B294-40D4-4C07-AFAE-6FF810B9D06B}.Debug|Any CPU.Build.0 = Debug|Any CPU
		{A2B6B294-40D4-4C07-AFAE-6FF810B9D06B}.Release|Any CPU.ActiveCfg = Release|Any CPU
		{A2B6B294-40D4-4C07-AFAE-6FF810B9D06B}.Release|Any CPU.Build.0 = Release|Any CPU
		{1DC3A111-78F0-4D02-93C8-3DCF54C5B4CF}.Debug|Any CPU.ActiveCfg = Debug|Any CPU
		{1DC3A111-78F0-4D02-93C8-3DCF54C5B4CF}.Debug|Any CPU.Build.0 = Debug|Any CPU
		{1DC3A111-78F0-4D02-93C8-3DCF54C5B4CF}.Release|Any CPU.ActiveCfg = Release|Any CPU
		{1DC3A111-78F0-4D02-93C8-3DCF54C5B4CF}.Release|Any CPU.Build.0 = Release|Any CPU
	EndGlobalSection
	GlobalSection(SolutionProperties) = preSolution
		HideSolutionNode = FALSE
	EndGlobalSection
	GlobalSection(ExtensibilityGlobals) = postSolution
		SolutionGuid = {15D9654C-657A-4C84-A4EC-10C4952A7A3B}
	EndGlobalSection
EndGlobal
